// !$*UTF8*$!
{
	archiveVersion = 1;
	classes = {
	};
	objectVersion = 46;
	objects = {

/* Begin PBXBuildFile section */
		CA21B5FB1B5B97E90027F3AF /* AppDelegate.swift in Sources */ = {isa = PBXBuildFile; fileRef = CA21B5FA1B5B97E90027F3AF /* AppDelegate.swift */; };
		CA21B6001B5B97E90027F3AF /* Main.storyboard in Resources */ = {isa = PBXBuildFile; fileRef = CA21B5FE1B5B97E90027F3AF /* Main.storyboard */; };
		CA21B6021B5B97E90027F3AF /* Images.xcassets in Resources */ = {isa = PBXBuildFile; fileRef = CA21B6011B5B97E90027F3AF /* Images.xcassets */; };
		CA21B6051B5B97E90027F3AF /* LaunchScreen.xib in Resources */ = {isa = PBXBuildFile; fileRef = CA21B6031B5B97E90027F3AF /* LaunchScreen.xib */; };
		CA21B6111B5B97E90027F3AF /* snsTests.swift in Sources */ = {isa = PBXBuildFile; fileRef = CA21B6101B5B97E90027F3AF /* snsTests.swift */; };
		CA21B6211B5DB57F0027F3AF /* Bolts.framework in Frameworks */ = {isa = PBXBuildFile; fileRef = CA21B61B1B5DB57F0027F3AF /* Bolts.framework */; };
		CA21B6221B5DB57F0027F3AF /* Parse.framework in Frameworks */ = {isa = PBXBuildFile; fileRef = CA21B61C1B5DB57F0027F3AF /* Parse.framework */; };
		CA21B6231B5DB57F0027F3AF /* ParseCrashReporting.framework in Frameworks */ = {isa = PBXBuildFile; fileRef = CA21B61D1B5DB57F0027F3AF /* ParseCrashReporting.framework */; };
		CA21B6241B5DB57F0027F3AF /* ParseFacebookUtils.framework in Frameworks */ = {isa = PBXBuildFile; fileRef = CA21B61E1B5DB57F0027F3AF /* ParseFacebookUtils.framework */; };
		CA21B6251B5DB57F0027F3AF /* ParseFacebookUtilsV4.framework in Frameworks */ = {isa = PBXBuildFile; fileRef = CA21B61F1B5DB57F0027F3AF /* ParseFacebookUtilsV4.framework */; };
		CA21B6261B5DB57F0027F3AF /* ParseUI.framework in Frameworks */ = {isa = PBXBuildFile; fileRef = CA21B6201B5DB57F0027F3AF /* ParseUI.framework */; };
		CA21B6281B5E36940027F3AF /* AudioToolbox.framework in Frameworks */ = {isa = PBXBuildFile; fileRef = CA21B6271B5E36940027F3AF /* AudioToolbox.framework */; };
		CA21B62A1B5E369C0027F3AF /* CFNetwork.framework in Frameworks */ = {isa = PBXBuildFile; fileRef = CA21B6291B5E369C0027F3AF /* CFNetwork.framework */; };
		CA21B62C1B5E36A50027F3AF /* CoreGraphics.framework in Frameworks */ = {isa = PBXBuildFile; fileRef = CA21B62B1B5E36A50027F3AF /* CoreGraphics.framework */; };
		CA21B62E1B5E36AE0027F3AF /* CoreLocation.framework in Frameworks */ = {isa = PBXBuildFile; fileRef = CA21B62D1B5E36AE0027F3AF /* CoreLocation.framework */; };
		CA21B6301B5E36B60027F3AF /* QuartzCore.framework in Frameworks */ = {isa = PBXBuildFile; fileRef = CA21B62F1B5E36B60027F3AF /* QuartzCore.framework */; };
		CA21B6321B5E36BF0027F3AF /* Security.framework in Frameworks */ = {isa = PBXBuildFile; fileRef = CA21B6311B5E36BF0027F3AF /* Security.framework */; };
		CA21B6341B5E36C50027F3AF /* StoreKit.framework in Frameworks */ = {isa = PBXBuildFile; fileRef = CA21B6331B5E36C50027F3AF /* StoreKit.framework */; };
		CA21B6361B5E36D00027F3AF /* SystemConfiguration.framework in Frameworks */ = {isa = PBXBuildFile; fileRef = CA21B6351B5E36D00027F3AF /* SystemConfiguration.framework */; };
		CA21B6381B5E36DC0027F3AF /* libz.dylib in Frameworks */ = {isa = PBXBuildFile; fileRef = CA21B6371B5E36DC0027F3AF /* libz.dylib */; };
		CA21B63A1B5E36F70027F3AF /* libsqlite3.dylib in Frameworks */ = {isa = PBXBuildFile; fileRef = CA21B6391B5E36F70027F3AF /* libsqlite3.dylib */; };
		CA21B6441B5E4BF50027F3AF /* NewPostViewController.swift in Sources */ = {isa = PBXBuildFile; fileRef = CA21B6431B5E4BF50027F3AF /* NewPostViewController.swift */; };
		CA21B6461B5E4C3D0027F3AF /* TimelineTableViewController.swift in Sources */ = {isa = PBXBuildFile; fileRef = CA21B6451B5E4C3D0027F3AF /* TimelineTableViewController.swift */; };
		CA21B6481B5F90840027F3AF /* TableViewCell.swift in Sources */ = {isa = PBXBuildFile; fileRef = CA21B6471B5F90840027F3AF /* TableViewCell.swift */; };
/* End PBXBuildFile section */

/* Begin PBXContainerItemProxy section */
		CA21B60B1B5B97E90027F3AF /* PBXContainerItemProxy */ = {
			isa = PBXContainerItemProxy;
			containerPortal = CA21B5ED1B5B97E90027F3AF /* Project object */;
			proxyType = 1;
			remoteGlobalIDString = CA21B5F41B5B97E90027F3AF;
			remoteInfo = sns;
		};
/* End PBXContainerItemProxy section */

/* Begin PBXFileReference section */
		CA21B5F51B5B97E90027F3AF /* sns.app */ = {isa = PBXFileReference; explicitFileType = wrapper.application; includeInIndex = 0; path = sns.app; sourceTree = BUILT_PRODUCTS_DIR; };
		CA21B5FA1B5B97E90027F3AF /* AppDelegate.swift */ = {isa = PBXFileReference; lastKnownFileType = sourcecode.swift; path = AppDelegate.swift; sourceTree = "<group>"; };
		CA21B5FF1B5B97E90027F3AF /* Base */ = {isa = PBXFileReference; lastKnownFileType = file.storyboard; name = Base; path = Base.lproj/Main.storyboard; sourceTree = "<group>"; };
		CA21B6011B5B97E90027F3AF /* Images.xcassets */ = {isa = PBXFileReference; lastKnownFileType = folder.assetcatalog; path = Images.xcassets; sourceTree = "<group>"; };
		CA21B6041B5B97E90027F3AF /* Base */ = {isa = PBXFileReference; lastKnownFileType = file.xib; name = Base; path = Base.lproj/LaunchScreen.xib; sourceTree = "<group>"; };
		CA21B60A1B5B97E90027F3AF /* snsTests.xctest */ = {isa = PBXFileReference; explicitFileType = wrapper.cfbundle; includeInIndex = 0; path = snsTests.xctest; sourceTree = BUILT_PRODUCTS_DIR; };
		CA21B60F1B5B97E90027F3AF /* Info.plist */ = {isa = PBXFileReference; lastKnownFileType = text.plist.xml; path = Info.plist; sourceTree = "<group>"; };
		CA21B6101B5B97E90027F3AF /* snsTests.swift */ = {isa = PBXFileReference; lastKnownFileType = sourcecode.swift; path = snsTests.swift; sourceTree = "<group>"; };
		CA21B61B1B5DB57F0027F3AF /* Bolts.framework */ = {isa = PBXFileReference; lastKnownFileType = wrapper.framework; path = Bolts.framework; sourceTree = "<group>"; };
		CA21B61C1B5DB57F0027F3AF /* Parse.framework */ = {isa = PBXFileReference; lastKnownFileType = wrapper.framework; path = Parse.framework; sourceTree = "<group>"; };
		CA21B61D1B5DB57F0027F3AF /* ParseCrashReporting.framework */ = {isa = PBXFileReference; lastKnownFileType = wrapper.framework; path = ParseCrashReporting.framework; sourceTree = "<group>"; };
		CA21B61E1B5DB57F0027F3AF /* ParseFacebookUtils.framework */ = {isa = PBXFileReference; lastKnownFileType = wrapper.framework; path = ParseFacebookUtils.framework; sourceTree = "<group>"; };
		CA21B61F1B5DB57F0027F3AF /* ParseFacebookUtilsV4.framework */ = {isa = PBXFileReference; lastKnownFileType = wrapper.framework; path = ParseFacebookUtilsV4.framework; sourceTree = "<group>"; };
		CA21B6201B5DB57F0027F3AF /* ParseUI.framework */ = {isa = PBXFileReference; lastKnownFileType = wrapper.framework; path = ParseUI.framework; sourceTree = "<group>"; };
		CA21B6271B5E36940027F3AF /* AudioToolbox.framework */ = {isa = PBXFileReference; lastKnownFileType = wrapper.framework; name = AudioToolbox.framework; path = System/Library/Frameworks/AudioToolbox.framework; sourceTree = SDKROOT; };
		CA21B6291B5E369C0027F3AF /* CFNetwork.framework */ = {isa = PBXFileReference; lastKnownFileType = wrapper.framework; name = CFNetwork.framework; path = System/Library/Frameworks/CFNetwork.framework; sourceTree = SDKROOT; };
		CA21B62B1B5E36A50027F3AF /* CoreGraphics.framework */ = {isa = PBXFileReference; lastKnownFileType = wrapper.framework; name = CoreGraphics.framework; path = System/Library/Frameworks/CoreGraphics.framework; sourceTree = SDKROOT; };
		CA21B62D1B5E36AE0027F3AF /* CoreLocation.framework */ = {isa = PBXFileReference; lastKnownFileType = wrapper.framework; name = CoreLocation.framework; path = System/Library/Frameworks/CoreLocation.framework; sourceTree = SDKROOT; };
		CA21B62F1B5E36B60027F3AF /* QuartzCore.framework */ = {isa = PBXFileReference; lastKnownFileType = wrapper.framework; name = QuartzCore.framework; path = System/Library/Frameworks/QuartzCore.framework; sourceTree = SDKROOT; };
		CA21B6311B5E36BF0027F3AF /* Security.framework */ = {isa = PBXFileReference; lastKnownFileType = wrapper.framework; name = Security.framework; path = System/Library/Frameworks/Security.framework; sourceTree = SDKROOT; };
		CA21B6331B5E36C50027F3AF /* StoreKit.framework */ = {isa = PBXFileReference; lastKnownFileType = wrapper.framework; name = StoreKit.framework; path = System/Library/Frameworks/StoreKit.framework; sourceTree = SDKROOT; };
		CA21B6351B5E36D00027F3AF /* SystemConfiguration.framework */ = {isa = PBXFileReference; lastKnownFileType = wrapper.framework; name = SystemConfiguration.framework; path = System/Library/Frameworks/SystemConfiguration.framework; sourceTree = SDKROOT; };
		CA21B6371B5E36DC0027F3AF /* libz.dylib */ = {isa = PBXFileReference; lastKnownFileType = "compiled.mach-o.dylib"; name = libz.dylib; path = usr/lib/libz.dylib; sourceTree = SDKROOT; };
		CA21B6391B5E36F70027F3AF /* libsqlite3.dylib */ = {isa = PBXFileReference; lastKnownFileType = "compiled.mach-o.dylib"; name = libsqlite3.dylib; path = usr/lib/libsqlite3.dylib; sourceTree = SDKROOT; };
		CA21B6431B5E4BF50027F3AF /* NewPostViewController.swift */ = {isa = PBXFileReference; fileEncoding = 4; lastKnownFileType = sourcecode.swift; path = NewPostViewController.swift; sourceTree = "<group>"; };
		CA21B6451B5E4C3D0027F3AF /* TimelineTableViewController.swift */ = {isa = PBXFileReference; fileEncoding = 4; lastKnownFileType = sourcecode.swift; path = TimelineTableViewController.swift; sourceTree = "<group>"; };
		CA21B6471B5F90840027F3AF /* TableViewCell.swift */ = {isa = PBXFileReference; fileEncoding = 4; lastKnownFileType = sourcecode.swift; path = TableViewCell.swift; sourceTree = "<group>"; };
/* End PBXFileReference section */

/* Begin PBXFrameworksBuildPhase section */
		CA21B5F21B5B97E90027F3AF /* Frameworks */ = {
			isa = PBXFrameworksBuildPhase;
			buildActionMask = 2147483647;
			files = (
				CA21B63A1B5E36F70027F3AF /* libsqlite3.dylib in Frameworks */,
				CA21B6381B5E36DC0027F3AF /* libz.dylib in Frameworks */,
				CA21B6361B5E36D00027F3AF /* SystemConfiguration.framework in Frameworks */,
				CA21B6341B5E36C50027F3AF /* StoreKit.framework in Frameworks */,
				CA21B6321B5E36BF0027F3AF /* Security.framework in Frameworks */,
				CA21B6301B5E36B60027F3AF /* QuartzCore.framework in Frameworks */,
				CA21B62E1B5E36AE0027F3AF /* CoreLocation.framework in Frameworks */,
				CA21B62C1B5E36A50027F3AF /* CoreGraphics.framework in Frameworks */,
				CA21B62A1B5E369C0027F3AF /* CFNetwork.framework in Frameworks */,
				CA21B6281B5E36940027F3AF /* AudioToolbox.framework in Frameworks */,
				CA21B6261B5DB57F0027F3AF /* ParseUI.framework in Frameworks */,
				CA21B6221B5DB57F0027F3AF /* Parse.framework in Frameworks */,
				CA21B6231B5DB57F0027F3AF /* ParseCrashReporting.framework in Frameworks */,
				CA21B6241B5DB57F0027F3AF /* ParseFacebookUtils.framework in Frameworks */,
				CA21B6211B5DB57F0027F3AF /* Bolts.framework in Frameworks */,
				CA21B6251B5DB57F0027F3AF /* ParseFacebookUtilsV4.framework in Frameworks */,
			);
			runOnlyForDeploymentPostprocessing = 0;
		};
		CA21B6071B5B97E90027F3AF /* Frameworks */ = {
			isa = PBXFrameworksBuildPhase;
			buildActionMask = 2147483647;
			files = (
			);
			runOnlyForDeploymentPostprocessing = 0;
		};
/* End PBXFrameworksBuildPhase section */

/* Begin PBXGroup section */
		CA21B5EC1B5B97E90027F3AF = {
			isa = PBXGroup;
			children = (
				CA21B6391B5E36F70027F3AF /* libsqlite3.dylib */,
				CA21B6371B5E36DC0027F3AF /* libz.dylib */,
				CA21B6351B5E36D00027F3AF /* SystemConfiguration.framework */,
				CA21B6331B5E36C50027F3AF /* StoreKit.framework */,
				CA21B6311B5E36BF0027F3AF /* Security.framework */,
				CA21B62F1B5E36B60027F3AF /* QuartzCore.framework */,
				CA21B62D1B5E36AE0027F3AF /* CoreLocation.framework */,
				CA21B62B1B5E36A50027F3AF /* CoreGraphics.framework */,
				CA21B6291B5E369C0027F3AF /* CFNetwork.framework */,
				CA21B6271B5E36940027F3AF /* AudioToolbox.framework */,
				CA21B61A1B5DB57F0027F3AF /* parse-library-1-2 */,
				CA21B5F71B5B97E90027F3AF /* sns */,
				CA21B60D1B5B97E90027F3AF /* snsTests */,
				CA21B5F61B5B97E90027F3AF /* Products */,
			);
			sourceTree = "<group>";
		};
		CA21B5F61B5B97E90027F3AF /* Products */ = {
			isa = PBXGroup;
			children = (
				CA21B5F51B5B97E90027F3AF /* sns.app */,
				CA21B60A1B5B97E90027F3AF /* snsTests.xctest */,
			);
			name = Products;
			sourceTree = "<group>";
		};
		CA21B5F71B5B97E90027F3AF /* sns */ = {
			isa = PBXGroup;
			children = (
				CA21B5FA1B5B97E90027F3AF /* AppDelegate.swift */,
				CA21B6451B5E4C3D0027F3AF /* TimelineTableViewController.swift */,
				CA21B6431B5E4BF50027F3AF /* NewPostViewController.swift */,
				CA21B6471B5F90840027F3AF /* TableViewCell.swift */,
				CA21B5FE1B5B97E90027F3AF /* Main.storyboard */,
				CA21B6011B5B97E90027F3AF /* Images.xcassets */,
				CA21B6031B5B97E90027F3AF /* LaunchScreen.xib */,
			);
			path = sns;
			sourceTree = "<group>";
		};
		CA21B60D1B5B97E90027F3AF /* snsTests */ = {
			isa = PBXGroup;
			children = (
				CA21B6101B5B97E90027F3AF /* snsTests.swift */,
				CA21B60E1B5B97E90027F3AF /* Supporting Files */,
			);
			path = snsTests;
			sourceTree = "<group>";
		};
		CA21B60E1B5B97E90027F3AF /* Supporting Files */ = {
			isa = PBXGroup;
			children = (
				CA21B60F1B5B97E90027F3AF /* Info.plist */,
			);
			name = "Supporting Files";
			sourceTree = "<group>";
		};
		CA21B61A1B5DB57F0027F3AF /* parse-library-1-2 */ = {
			isa = PBXGroup;
			children = (
				CA21B61B1B5DB57F0027F3AF /* Bolts.framework */,
				CA21B61C1B5DB57F0027F3AF /* Parse.framework */,
				CA21B61D1B5DB57F0027F3AF /* ParseCrashReporting.framework */,
				CA21B61E1B5DB57F0027F3AF /* ParseFacebookUtils.framework */,
				CA21B61F1B5DB57F0027F3AF /* ParseFacebookUtilsV4.framework */,
				CA21B6201B5DB57F0027F3AF /* ParseUI.framework */,
			);
			name = "parse-library-1-2";
			path = "../../Downloads/parse-library-1-2";
			sourceTree = "<group>";
		};
/* End PBXGroup section */

/* Begin PBXNativeTarget section */
		CA21B5F41B5B97E90027F3AF /* sns */ = {
			isa = PBXNativeTarget;
			buildConfigurationList = CA21B6141B5B97E90027F3AF /* Build configuration list for PBXNativeTarget "sns" */;
			buildPhases = (
				CA21B5F11B5B97E90027F3AF /* Sources */,
				CA21B5F21B5B97E90027F3AF /* Frameworks */,
				CA21B5F31B5B97E90027F3AF /* Resources */,
			);
			buildRules = (
			);
			dependencies = (
			);
			name = sns;
			productName = sns;
			productReference = CA21B5F51B5B97E90027F3AF /* sns.app */;
			productType = "com.apple.product-type.application";
		};
		CA21B6091B5B97E90027F3AF /* snsTests */ = {
			isa = PBXNativeTarget;
			buildConfigurationList = CA21B6171B5B97E90027F3AF /* Build configuration list for PBXNativeTarget "snsTests" */;
			buildPhases = (
				CA21B6061B5B97E90027F3AF /* Sources */,
				CA21B6071B5B97E90027F3AF /* Frameworks */,
				CA21B6081B5B97E90027F3AF /* Resources */,
			);
			buildRules = (
			);
			dependencies = (
				CA21B60C1B5B97E90027F3AF /* PBXTargetDependency */,
			);
			name = snsTests;
			productName = snsTests;
			productReference = CA21B60A1B5B97E90027F3AF /* snsTests.xctest */;
			productType = "com.apple.product-type.bundle.unit-test";
		};
/* End PBXNativeTarget section */

/* Begin PBXProject section */
		CA21B5ED1B5B97E90027F3AF /* Project object */ = {
			isa = PBXProject;
			attributes = {
				LastUpgradeCheck = 0640;
				ORGANIZATIONNAME = sho;
				TargetAttributes = {
					CA21B5F41B5B97E90027F3AF = {
						CreatedOnToolsVersion = 6.4;
					};
					CA21B6091B5B97E90027F3AF = {
						CreatedOnToolsVersion = 6.4;
						TestTargetID = CA21B5F41B5B97E90027F3AF;
					};
				};
			};
			buildConfigurationList = CA21B5F01B5B97E90027F3AF /* Build configuration list for PBXProject "sns" */;
			compatibilityVersion = "Xcode 3.2";
			developmentRegion = English;
			hasScannedForEncodings = 0;
			knownRegions = (
				en,
				Base,
			);
			mainGroup = CA21B5EC1B5B97E90027F3AF;
			productRefGroup = CA21B5F61B5B97E90027F3AF /* Products */;
			projectDirPath = "";
			projectRoot = "";
			targets = (
				CA21B5F41B5B97E90027F3AF /* sns */,
				CA21B6091B5B97E90027F3AF /* snsTests */,
			);
		};
/* End PBXProject section */

/* Begin PBXResourcesBuildPhase section */
		CA21B5F31B5B97E90027F3AF /* Resources */ = {
			isa = PBXResourcesBuildPhase;
			buildActionMask = 2147483647;
			files = (
				CA21B6001B5B97E90027F3AF /* Main.storyboard in Resources */,
				CA21B6051B5B97E90027F3AF /* LaunchScreen.xib in Resources */,
				CA21B6021B5B97E90027F3AF /* Images.xcassets in Resources */,
			);
			runOnlyForDeploymentPostprocessing = 0;
		};
		CA21B6081B5B97E90027F3AF /* Resources */ = {
			isa = PBXResourcesBuildPhase;
			buildActionMask = 2147483647;
			files = (
			);
			runOnlyForDeploymentPostprocessing = 0;
		};
/* End PBXResourcesBuildPhase section */

/* Begin PBXSourcesBuildPhase section */
		CA21B5F11B5B97E90027F3AF /* Sources */ = {
			isa = PBXSourcesBuildPhase;
			buildActionMask = 2147483647;
			files = (
				CA21B6441B5E4BF50027F3AF /* NewPostViewController.swift in Sources */,
				CA21B6481B5F90840027F3AF /* TableViewCell.swift in Sources */,
				CA21B6461B5E4C3D0027F3AF /* TimelineTableViewController.swift in Sources */,
				CA21B5FB1B5B97E90027F3AF /* AppDelegate.swift in Sources */,
			);
			runOnlyForDeploymentPostprocessing = 0;
		};
		CA21B6061B5B97E90027F3AF /* Sources */ = {
			isa = PBXSourcesBuildPhase;
			buildActionMask = 2147483647;
			files = (
				CA21B6111B5B97E90027F3AF /* snsTests.swift in Sources */,
			);
			runOnlyForDeploymentPostprocessing = 0;
		};
/* End PBXSourcesBuildPhase section */

/* Begin PBXTargetDependency section */
		CA21B60C1B5B97E90027F3AF /* PBXTargetDependency */ = {
			isa = PBXTargetDependency;
			target = CA21B5F41B5B97E90027F3AF /* sns */;
			targetProxy = CA21B60B1B5B97E90027F3AF /* PBXContainerItemProxy */;
		};
/* End PBXTargetDependency section */

/* Begin PBXVariantGroup section */
		CA21B5FE1B5B97E90027F3AF /* Main.storyboard */ = {
			isa = PBXVariantGroup;
			children = (
				CA21B5FF1B5B97E90027F3AF /* Base */,
			);
			name = Main.storyboard;
			sourceTree = "<group>";
		};
		CA21B6031B5B97E90027F3AF /* LaunchScreen.xib */ = {
			isa = PBXVariantGroup;
			children = (
				CA21B6041B5B97E90027F3AF /* Base */,
			);
			name = LaunchScreen.xib;
			sourceTree = "<group>";
		};
/* End PBXVariantGroup section */

/* Begin XCBuildConfiguration section */
		CA21B6121B5B97E90027F3AF /* Debug */ = {
			isa = XCBuildConfiguration;
			buildSettings = {
				ALWAYS_SEARCH_USER_PATHS = NO;
				CLANG_CXX_LANGUAGE_STANDARD = "gnu++0x";
				CLANG_CXX_LIBRARY = "libc++";
				CLANG_ENABLE_MODULES = YES;
				CLANG_ENABLE_OBJC_ARC = YES;
				CLANG_WARN_BOOL_CONVERSION = YES;
				CLANG_WARN_CONSTANT_CONVERSION = YES;
				CLANG_WARN_DIRECT_OBJC_ISA_USAGE = YES_ERROR;
				CLANG_WARN_EMPTY_BODY = YES;
				CLANG_WARN_ENUM_CONVERSION = YES;
				CLANG_WARN_INT_CONVERSION = YES;
				CLANG_WARN_OBJC_ROOT_CLASS = YES_ERROR;
				CLANG_WARN_UNREACHABLE_CODE = YES;
				CLANG_WARN__DUPLICATE_METHOD_MATCH = YES;
				"CODE_SIGN_IDENTITY[sdk=iphoneos*]" = "iPhone Developer";
				COPY_PHASE_STRIP = NO;
				DEBUG_INFORMATION_FORMAT = "dwarf-with-dsym";
				ENABLE_STRICT_OBJC_MSGSEND = YES;
				GCC_C_LANGUAGE_STANDARD = gnu99;
				GCC_DYNAMIC_NO_PIC = NO;
				GCC_NO_COMMON_BLOCKS = YES;
				GCC_OPTIMIZATION_LEVEL = 0;
				GCC_PREPROCESSOR_DEFINITIONS = (
					"DEBUG=1",
					"$(inherited)",
				);
				GCC_SYMBOLS_PRIVATE_EXTERN = NO;
				GCC_WARN_64_TO_32_BIT_CONVERSION = YES;
				GCC_WARN_ABOUT_RETURN_TYPE = YES_ERROR;
				GCC_WARN_UNDECLARED_SELECTOR = YES;
				GCC_WARN_UNINITIALIZED_AUTOS = YES_AGGRESSIVE;
				GCC_WARN_UNUSED_FUNCTION = YES;
				GCC_WARN_UNUSED_VARIABLE = YES;
				IPHONEOS_DEPLOYMENT_TARGET = 8.4;
				MTL_ENABLE_DEBUG_INFO = YES;
				ONLY_ACTIVE_ARCH = YES;
				SDKROOT = iphoneos;
				SWIFT_OPTIMIZATION_LEVEL = "-Onone";
			};
			name = Debug;
		};
		CA21B6131B5B97E90027F3AF /* Release */ = {
			isa = XCBuildConfiguration;
			buildSettings = {
				ALWAYS_SEARCH_USER_PATHS = NO;
				CLANG_CXX_LANGUAGE_STANDARD = "gnu++0x";
				CLANG_CXX_LIBRARY = "libc++";
				CLANG_ENABLE_MODULES = YES;
				CLANG_ENABLE_OBJC_ARC = YES;
				CLANG_WARN_BOOL_CONVERSION = YES;
				CLANG_WARN_CONSTANT_CONVERSION = YES;
				CLANG_WARN_DIRECT_OBJC_ISA_USAGE = YES_ERROR;
				CLANG_WARN_EMPTY_BODY = YES;
				CLANG_WARN_ENUM_CONVERSION = YES;
				CLANG_WARN_INT_CONVERSION = YES;
				CLANG_WARN_OBJC_ROOT_CLASS = YES_ERROR;
				CLANG_WARN_UNREACHABLE_CODE = YES;
				CLANG_WARN__DUPLICATE_METHOD_MATCH = YES;
				"CODE_SIGN_IDENTITY[sdk=iphoneos*]" = "iPhone Developer";
				COPY_PHASE_STRIP = NO;
				DEBUG_INFORMATION_FORMAT = "dwarf-with-dsym";
				ENABLE_NS_ASSERTIONS = NO;
				ENABLE_STRICT_OBJC_MSGSEND = YES;
				GCC_C_LANGUAGE_STANDARD = gnu99;
				GCC_NO_COMMON_BLOCKS = YES;
				GCC_WARN_64_TO_32_BIT_CONVERSION = YES;
				GCC_WARN_ABOUT_RETURN_TYPE = YES_ERROR;
				GCC_WARN_UNDECLARED_SELECTOR = YES;
				GCC_WARN_UNINITIALIZED_AUTOS = YES_AGGRESSIVE;
				GCC_WARN_UNUSED_FUNCTION = YES;
				GCC_WARN_UNUSED_VARIABLE = YES;
				IPHONEOS_DEPLOYMENT_TARGET = 8.4;
				MTL_ENABLE_DEBUG_INFO = NO;
				SDKROOT = iphoneos;
				VALIDATE_PRODUCT = YES;
			};
			name = Release;
		};
		CA21B6151B5B97E90027F3AF /* Debug */ = {
			isa = XCBuildConfiguration;
			buildSettings = {
				ASSETCATALOG_COMPILER_APPICON_NAME = AppIcon;
				FRAMEWORK_SEARCH_PATHS = (
					"$(inherited)",
					"/Users/sho/Downloads/parse-library-1-2",
				);
				INFOPLIST_FILE = sns/Info.plist;
				LD_RUNPATH_SEARCH_PATHS = "$(inherited) @executable_path/Frameworks";
				PRODUCT_NAME = "$(TARGET_NAME)";
			};
			name = Debug;
		};
		CA21B6161B5B97E90027F3AF /* Release */ = {
			isa = XCBuildConfiguration;
			buildSettings = {
				ASSETCATALOG_COMPILER_APPICON_NAME = AppIcon;
				FRAMEWORK_SEARCH_PATHS = (
					"$(inherited)",
					"/Users/sho/Downloads/parse-library-1-2",
				);
				INFOPLIST_FILE = sns/Info.plist;
				LD_RUNPATH_SEARCH_PATHS = "$(inherited) @executable_path/Frameworks";
				PRODUCT_NAME = "$(TARGET_NAME)";
			};
			name = Release;
		};
		CA21B6181B5B97E90027F3AF /* Debug */ = {
			isa = XCBuildConfiguration;
			buildSettings = {
				BUNDLE_LOADER = "$(TEST_HOST)";
				FRAMEWORK_SEARCH_PATHS = (
					"$(SDKROOT)/Developer/Library/Frameworks",
					"$(inherited)",
				);
				GCC_PREPROCESSOR_DEFINITIONS = (
					"DEBUG=1",
					"$(inherited)",
				);
				INFOPLIST_FILE = snsTests/Info.plist;
				LD_RUNPATH_SEARCH_PATHS = "$(inherited) @executable_path/Frameworks @loader_path/Frameworks";
				PRODUCT_NAME = "$(TARGET_NAME)";
				TEST_HOST = "$(BUILT_PRODUCTS_DIR)/sns.app/sns";
			};
			name = Debug;
		};
		CA21B6191B5B97E90027F3AF /* Release */ = {
			isa = XCBuildConfiguration;
			buildSettings = {
				BUNDLE_LOADER = "$(TEST_HOST)";
				FRAMEWORK_SEARCH_PATHS = (
					"$(SDKROOT)/Developer/Library/Frameworks",
					"$(inherited)",
				);
				INFOPLIST_FILE = snsTests/Info.plist;
				LD_RUNPATH_SEARCH_PATHS = "$(inherited) @executable_path/Frameworks @loader_path/Frameworks";
				PRODUCT_NAME = "$(TARGET_NAME)";
				TEST_HOST = "$(BUILT_PRODUCTS_DIR)/sns.app/sns";
			};
			name = Release;
		};
/* End XCBuildConfiguration section */

/* Begin XCConfigurationList section */
		CA21B5F01B5B97E90027F3AF /* Build configuration list for PBXProject "sns" */ = {
			isa = XCConfigurationList;
			buildConfigurations = (
				CA21B6121B5B97E90027F3AF /* Debug */,
				CA21B6131B5B97E90027F3AF /* Release */,
			);
			defaultConfigurationIsVisible = 0;
			defaultConfigurationName = Release;
		};
		CA21B6141B5B97E90027F3AF /* Build configuration list for PBXNativeTarget "sns" */ = {
			isa = XCConfigurationList;
			buildConfigurations = (
				CA21B6151B5B97E90027F3AF /* Debug */,
				CA21B6161B5B97E90027F3AF /* Release */,
			);
			defaultConfigurationIsVisible = 0;
		};
		CA21B6171B5B97E90027F3AF /* Build configuration list for PBXNativeTarget "snsTests" */ = {
			isa = XCConfigurationList;
			buildConfigurations = (
				CA21B6181B5B97E90027F3AF /* Debug */,
				CA21B6191B5B97E90027F3AF /* Release */,
			);
			defaultConfigurationIsVisible = 0;
		};
/* End XCConfigurationList section */
	};
	rootObject = CA21B5ED1B5B97E90027F3AF /* Project object */;
}
